
Microsoft Visual Studio Solution File, Format Version 12.00
# Visual Studio 14
VisualStudioVersion = 14.0.25420.1
MinimumVisualStudioVersion = 10.0.40219.1
Project("{2150E333-8FDC-42A3-9474-1A3956D46DE8}") = "1 - Presentation", "1 - Presentation", "{097F96CC-CD66-4625-8EDA-E7490C24104A}"
EndProject
Project("{2150E333-8FDC-42A3-9474-1A3956D46DE8}") = "2 - Domain", "2 - Domain", "{A722160F-1A81-40AF-9D45-9FB768BE06A8}"
EndProject
Project("{2150E333-8FDC-42A3-9474-1A3956D46DE8}") = "3 - Infra", "3 - Infra", "{18E9128E-54B4-400E-844B-8DA084A3E52F}"
EndProject
Project("{2150E333-8FDC-42A3-9474-1A3956D46DE8}") = "3.1 - Data", "3.1 - Data", "{01A7EC9B-670F-4B32-A379-249F9D16B702}"
EndProject
Project("{2150E333-8FDC-42A3-9474-1A3956D46DE8}") = "3.2 - CrossCutting", "3.2 - CrossCutting", "{21FA54CF-087D-4499-A8B7-A507D30A33DC}"
EndProject
Project("{FAE04EC0-301F-11D3-BF4B-00C04F79EFBC}") = "HealthTrack.Domain.Tests", "HealthTrack.Domain.Tests\HealthTrack.Domain.Tests.csproj", "{ABA51A4A-7AE0-449C-80F8-D9C91A9E66A6}"
EndProject
Project("{FAE04EC0-301F-11D3-BF4B-00C04F79EFBC}") = "HealthTrack.MVC", "HealthTrack.MVC\HealthTrack.MVC.csproj", "{9D5147F0-BEC2-4D36-AA71-55706E208A0D}"
EndProject
Project("{FAE04EC0-301F-11D3-BF4B-00C04F79EFBC}") = "HealthTrack.Domain", "HealthTrack.Domain\HealthTrack.Domain.csproj", "{DB650A42-149C-4982-9292-5B2D5D8DE7E4}"
EndProject
Project("{FAE04EC0-301F-11D3-BF4B-00C04F79EFBC}") = "HealthTrack.Data", "HealthTrack.Data\HealthTrack.Data.csproj", "{7DEC16EE-9E60-4FFB-B0D9-6F3DCFDC3C91}"
EndProject
Project("{FAE04EC0-301F-11D3-BF4B-00C04F79EFBC}") = "HealthTrack.CrossCutting", "HealthTrack.CrossCutting\HealthTrack.CrossCutting.csproj", "{E210EFA8-9139-45B9-8838-8B31B1AC993A}"
EndProject
Project("{FAE04EC0-301F-11D3-BF4B-00C04F79EFBC}") = "HealthTrack.Data.Tests", "HealthTrack.Data.Tests\HealthTrack.Data.Tests.csproj", "{5A27FA50-F0BB-4D7E-A407-CF6CAD3253D5}"
EndProject
Global
	GlobalSection(SolutionConfigurationPlatforms) = preSolution
		Debug|Any CPU = Debug|Any CPU
		Release|Any CPU = Release|Any CPU
	EndGlobalSection
	GlobalSection(ProjectConfigurationPlatforms) = postSolution
		{ABA51A4A-7AE0-449C-80F8-D9C91A9E66A6}.Debug|Any CPU.ActiveCfg = Debug|Any CPU
		{ABA51A4A-7AE0-449C-80F8-D9C91A9E66A6}.Debug|Any CPU.Build.0 = Debug|Any CPU
		{ABA51A4A-7AE0-449C-80F8-D9C91A9E66A6}.Release|Any CPU.ActiveCfg = Release|Any CPU
		{ABA51A4A-7AE0-449C-80F8-D9C91A9E66A6}.Release|Any CPU.Build.0 = Release|Any CPU
		{9D5147F0-BEC2-4D36-AA71-55706E208A0D}.Debug|Any CPU.ActiveCfg = Debug|Any CPU
		{9D5147F0-BEC2-4D36-AA71-55706E208A0D}.Debug|Any CPU.Build.0 = Debug|Any CPU
		{9D5147F0-BEC2-4D36-AA71-55706E208A0D}.Release|Any CPU.ActiveCfg = Release|Any CPU
		{9D5147F0-BEC2-4D36-AA71-55706E208A0D}.Release|Any CPU.Build.0 = Release|Any CPU
		{DB650A42-149C-4982-9292-5B2D5D8DE7E4}.Debug|Any CPU.ActiveCfg = Debug|Any CPU
		{DB650A42-149C-4982-9292-5B2D5D8DE7E4}.Debug|Any CPU.Build.0 = Debug|Any CPU
		{DB650A42-149C-4982-9292-5B2D5D8DE7E4}.Release|Any CPU.ActiveCfg = Release|Any CPU
		{DB650A42-149C-4982-9292-5B2D5D8DE7E4}.Release|Any CPU.Build.0 = Release|Any CPU
		{7DEC16EE-9E60-4FFB-B0D9-6F3DCFDC3C91}.Debug|Any CPU.ActiveCfg = Debug|Any CPU
		{7DEC16EE-9E60-4FFB-B0D9-6F3DCFDC3C91}.Debug|Any CPU.Build.0 = Debug|Any CPU
		{7DEC16EE-9E60-4FFB-B0D9-6F3DCFDC3C91}.Release|Any CPU.ActiveCfg = Release|Any CPU
		{7DEC16EE-9E60-4FFB-B0D9-6F3DCFDC3C91}.Release|Any CPU.Build.0 = Release|Any CPU
		{E210EFA8-9139-45B9-8838-8B31B1AC993A}.Debug|Any CPU.ActiveCfg = Debug|Any CPU
		{E210EFA8-9139-45B9-8838-8B31B1AC993A}.Debug|Any CPU.Build.0 = Debug|Any CPU
		{E210EFA8-9139-45B9-8838-8B31B1AC993A}.Release|Any CPU.ActiveCfg = Release|Any CPU
		{E210EFA8-9139-45B9-8838-8B31B1AC993A}.Release|Any CPU.Build.0 = Release|Any CPU
		{5A27FA50-F0BB-4D7E-A407-CF6CAD3253D5}.Debug|Any CPU.ActiveCfg = Debug|Any CPU
		{5A27FA50-F0BB-4D7E-A407-CF6CAD3253D5}.Debug|Any CPU.Build.0 = Debug|Any CPU
		{5A27FA50-F0BB-4D7E-A407-CF6CAD3253D5}.Release|Any CPU.ActiveCfg = Release|Any CPU
		{5A27FA50-F0BB-4D7E-A407-CF6CAD3253D5}.Release|Any CPU.Build.0 = Release|Any CPU
	EndGlobalSection
	GlobalSection(SolutionProperties) = preSolution
		HideSolutionNode = FALSE
	EndGlobalSection
	GlobalSection(NestedProjects) = preSolution
		{01A7EC9B-670F-4B32-A379-249F9D16B702} = {18E9128E-54B4-400E-844B-8DA084A3E52F}
		{21FA54CF-087D-4499-A8B7-A507D30A33DC} = {18E9128E-54B4-400E-844B-8DA084A3E52F}
		{ABA51A4A-7AE0-449C-80F8-D9C91A9E66A6} = {A722160F-1A81-40AF-9D45-9FB768BE06A8}
		{9D5147F0-BEC2-4D36-AA71-55706E208A0D} = {097F96CC-CD66-4625-8EDA-E7490C24104A}
		{DB650A42-149C-4982-9292-5B2D5D8DE7E4} = {A722160F-1A81-40AF-9D45-9FB768BE06A8}
		{7DEC16EE-9E60-4FFB-B0D9-6F3DCFDC3C91} = {01A7EC9B-670F-4B32-A379-249F9D16B702}
		{E210EFA8-9139-45B9-8838-8B31B1AC993A} = {21FA54CF-087D-4499-A8B7-A507D30A33DC}
		{5A27FA50-F0BB-4D7E-A407-CF6CAD3253D5} = {01A7EC9B-670F-4B32-A379-249F9D16B702}
	EndGlobalSection
	GlobalSection(ExtensibilityGlobals) = postSolution
		SolutionGuid = {0CFCD75B-0A4E-4BAF-A52C-D7C2BE4902E7}
	EndGlobalSection
EndGlobal
